
Microsoft Visual Studio Solution File, Format Version 12.00
# Visual Studio 2012
Project("{FAE04EC0-301F-11D3-BF4B-00C04F79EFBC}") = "Hack2015", "Hack2015\Hack2015.csproj", "{9EC7714E-7C72-43A1-875E-138557722149}"
EndProject
Project("{FAE04EC0-301F-11D3-BF4B-00C04F79EFBC}") = "Hack2015.Tests", "Hack2015.Tests\Hack2015.Tests.csproj", "{4DDFD61D-982D-4508-9DED-02EB3E1E2263}"
EndProject
Global
	GlobalSection(SolutionConfigurationPlatforms) = preSolution
		Debug|Any CPU = Debug|Any CPU
		Release|Any CPU = Release|Any CPU
	EndGlobalSection
	GlobalSection(ProjectConfigurationPlatforms) = postSolution
		{9EC7714E-7C72-43A1-875E-138557722149}.Debug|Any CPU.ActiveCfg = Debug|Any CPU
		{9EC7714E-7C72-43A1-875E-138557722149}.Debug|Any CPU.Build.0 = Debug|Any CPU
		{9EC7714E-7C72-43A1-875E-138557722149}.Release|Any CPU.ActiveCfg = Release|Any CPU
		{9EC7714E-7C72-43A1-875E-138557722149}.Release|Any CPU.Build.0 = Release|Any CPU
		{4DDFD61D-982D-4508-9DED-02EB3E1E2263}.Debug|Any CPU.ActiveCfg = Debug|Any CPU
		{4DDFD61D-982D-4508-9DED-02EB3E1E2263}.Debug|Any CPU.Build.0 = Debug|Any CPU
		{4DDFD61D-982D-4508-9DED-02EB3E1E2263}.Release|Any CPU.ActiveCfg = Release|Any CPU
		{4DDFD61D-982D-4508-9DED-02EB3E1E2263}.Release|Any CPU.Build.0 = Release|Any CPU
	EndGlobalSection
	GlobalSection(SolutionProperties) = preSolution
		HideSolutionNode = FALSE
	EndGlobalSection
EndGlobal
