
Microsoft Visual Studio Solution File, Format Version 12.00
# Visual Studio 2012
Project("{FAE04EC0-301F-11D3-BF4B-00C04F79EFBC}") = "HackMvc", "HackMvc\HackMvc.csproj", "{2872BE0A-22CA-43CC-8A63-C137FAC65672}"
EndProject
Project("{FAE04EC0-301F-11D3-BF4B-00C04F79EFBC}") = "HackMvc.Tests", "HackMvc.Tests\HackMvc.Tests.csproj", "{B994C903-7B74-4C77-91C0-560206E58232}"
EndProject
Global
	GlobalSection(SolutionConfigurationPlatforms) = preSolution
		Debug|Any CPU = Debug|Any CPU
		Release|Any CPU = Release|Any CPU
	EndGlobalSection
	GlobalSection(ProjectConfigurationPlatforms) = postSolution
		{2872BE0A-22CA-43CC-8A63-C137FAC65672}.Debug|Any CPU.ActiveCfg = Debug|Any CPU
		{2872BE0A-22CA-43CC-8A63-C137FAC65672}.Debug|Any CPU.Build.0 = Debug|Any CPU
		{2872BE0A-22CA-43CC-8A63-C137FAC65672}.Release|Any CPU.ActiveCfg = Release|Any CPU
		{2872BE0A-22CA-43CC-8A63-C137FAC65672}.Release|Any CPU.Build.0 = Release|Any CPU
		{B994C903-7B74-4C77-91C0-560206E58232}.Debug|Any CPU.ActiveCfg = Debug|Any CPU
		{B994C903-7B74-4C77-91C0-560206E58232}.Debug|Any CPU.Build.0 = Debug|Any CPU
		{B994C903-7B74-4C77-91C0-560206E58232}.Release|Any CPU.ActiveCfg = Release|Any CPU
		{B994C903-7B74-4C77-91C0-560206E58232}.Release|Any CPU.Build.0 = Release|Any CPU
	EndGlobalSection
	GlobalSection(SolutionProperties) = preSolution
		HideSolutionNode = FALSE
	EndGlobalSection
EndGlobal
